{
    "_meta": {
        "hash": {
            "sha256": "0360eeaf411fe9a166218b4b741cbedb871de5800284f461a97156b270fb5017"
        },
        "pipfile-spec": 6,
        "requires": {
            "python_version": "3.6"
        },
        "sources": [
            {
                "name": "pypi",
                "url": "https://pypi.org/simple",
                "verify_ssl": true
            }
        ]
    },
    "default": {
        "click": {
            "hashes": [
                "sha256:8a18b4ea89d8820c5d0c7da8a64b2c324b4dabb695804dbfea19b9be9d88c0cc",
                "sha256:e345d143d80bf5ee7534056164e5e112ea5e22716bbb1ce727941f4c8b471b9a"
            ],
            "version": "==7.1.1"
        },
        "future": {
            "hashes": [
                "sha256:b1bead90b70cf6ec3f0710ae53a525360fa360d306a86583adc6bf83a4db537d"
            ],
            "version": "==0.18.2"
        },
        "jinja2": {
            "hashes": [
                "sha256:93187ffbc7808079673ef52771baa950426fd664d3aad1d0fa3e95644360e250",
                "sha256:b0eaf100007721b5c16c1fc1eecb87409464edc10469ddc9a22a27a99123be49"
            ],
            "index": "pypi",
            "version": "==2.11.1"
        },
        "joblib": {
            "hashes": [
                "sha256:0630eea4f5664c463f23fbf5dcfc54a2bc6168902719fa8e19daf033022786c8",
                "sha256:bdb4fd9b72915ffb49fde2229ce482dd7ae79d842ed8c2b4c932441495af1403"
            ],
            "version": "==0.14.1"
        },
        "livereload": {
            "hashes": [
                "sha256:78d55f2c268a8823ba499305dcac64e28ddeb9a92571e12d543cd304faf5817b",
                "sha256:89254f78d7529d7ea0a3417d224c34287ebfe266b05e67e51facaf82c27f0f66"
            ],
            "version": "==2.6.1"
        },
        "lunr": {
            "extras": [
                "languages"
            ],
            "hashes": [
                "sha256:1208622930c915a07e6f8e8640474357826bad48534c0f57969b6fca9bffc88e",
                "sha256:7be69d7186f65784a4f2adf81e5c58efd6a9921aa95966babcb1f2f2ada75c20"
            ],
            "version": "==0.5.6"
        },
        "markdown": {
            "hashes": [
                "sha256:90fee683eeabe1a92e149f7ba74e5ccdc81cd397bd6c516d93a8da0ef90b6902",
                "sha256:e4795399163109457d4c5af2183fbe6b60326c17cfdf25ce6e7474c6624f725d"
            ],
            "version": "==3.2.1"
        },
        "markupsafe": {
            "hashes": [
                "sha256:00bc623926325b26bb9605ae9eae8a215691f33cae5df11ca5424f06f2d1f473",
                "sha256:09027a7803a62ca78792ad89403b1b7a73a01c8cb65909cd876f7fcebd79b161",
                "sha256:09c4b7f37d6c648cb13f9230d847adf22f8171b1ccc4d5682398e77f40309235",
                "sha256:1027c282dad077d0bae18be6794e6b6b8c91d58ed8a8d89a89d59693b9131db5",
                "sha256:13d3144e1e340870b25e7b10b98d779608c02016d5184cfb9927a9f10c689f42",
                "sha256:24982cc2533820871eba85ba648cd53d8623687ff11cbb805be4ff7b4c971aff",
                "sha256:29872e92839765e546828bb7754a68c418d927cd064fd4708fab9fe9c8bb116b",
                "sha256:43a55c2930bbc139570ac2452adf3d70cdbb3cfe5912c71cdce1c2c6bbd9c5d1",
                "sha256:46c99d2de99945ec5cb54f23c8cd5689f6d7177305ebff350a58ce5f8de1669e",
                "sha256:500d4957e52ddc3351cabf489e79c91c17f6e0899158447047588650b5e69183",
                "sha256:535f6fc4d397c1563d08b88e485c3496cf5784e927af890fb3c3aac7f933ec66",
                "sha256:596510de112c685489095da617b5bcbbac7dd6384aeebeda4df6025d0256a81b",
                "sha256:62fe6c95e3ec8a7fad637b7f3d372c15ec1caa01ab47926cfdf7a75b40e0eac1",
                "sha256:6788b695d50a51edb699cb55e35487e430fa21f1ed838122d722e0ff0ac5ba15",
                "sha256:6dd73240d2af64df90aa7c4e7481e23825ea70af4b4922f8ede5b9e35f78a3b1",
                "sha256:717ba8fe3ae9cc0006d7c451f0bb265ee07739daf76355d06366154ee68d221e",
                "sha256:79855e1c5b8da654cf486b830bd42c06e8780cea587384cf6545b7d9ac013a0b",
                "sha256:7c1699dfe0cf8ff607dbdcc1e9b9af1755371f92a68f706051cc8c37d447c905",
                "sha256:88e5fcfb52ee7b911e8bb6d6aa2fd21fbecc674eadd44118a9cc3863f938e735",
                "sha256:8defac2f2ccd6805ebf65f5eeb132adcf2ab57aa11fdf4c0dd5169a004710e7d",
                "sha256:98c7086708b163d425c67c7a91bad6e466bb99d797aa64f965e9d25c12111a5e",
                "sha256:9add70b36c5666a2ed02b43b335fe19002ee5235efd4b8a89bfcf9005bebac0d",
                "sha256:9bf40443012702a1d2070043cb6291650a0841ece432556f784f004937f0f32c",
                "sha256:ade5e387d2ad0d7ebf59146cc00c8044acbd863725f887353a10df825fc8ae21",
                "sha256:b00c1de48212e4cc9603895652c5c410df699856a2853135b3967591e4beebc2",
                "sha256:b1282f8c00509d99fef04d8ba936b156d419be841854fe901d8ae224c59f0be5",
                "sha256:b2051432115498d3562c084a49bba65d97cf251f5a331c64a12ee7e04dacc51b",
                "sha256:ba59edeaa2fc6114428f1637ffff42da1e311e29382d81b339c1817d37ec93c6",
                "sha256:c8716a48d94b06bb3b2524c2b77e055fb313aeb4ea620c8dd03a105574ba704f",
                "sha256:cd5df75523866410809ca100dc9681e301e3c27567cf498077e8551b6d20e42f",
                "sha256:cdb132fc825c38e1aeec2c8aa9338310d29d337bebbd7baa06889d09a60a1fa2",
                "sha256:e249096428b3ae81b08327a63a485ad0878de3fb939049038579ac0ef61e17e7",
                "sha256:e8313f01ba26fbbe36c7be1966a7b7424942f670f38e666995b88d012765b9be"
            ],
            "version": "==1.1.1"
        },
        "mkdocs": {
            "hashes": [
                "sha256:1e385a70aea8a9dedb731aea4fd5f3704b2074801c4f96f06b2920999babda8a",
                "sha256:9243291392f59e20b655e4e46210233453faf97787c2cf72176510e868143174"
            ],
            "index": "pypi",
            "version": "==1.1"
        },
        "mkdocs-material": {
            "hashes": [
                "sha256:1d486635b03f5a2ec87325842f7b10c7ae7daa0eef76b185572eece6a6ea212c",
                "sha256:7f3afa0a09c07d0b89a6a9755fdb00513aee8f0cec3538bb903325c80f66f444"
            ],
            "index": "pypi",
            "version": "==4.6.3"
        },
        "nltk": {
            "hashes": [
                "sha256:5a0395b88cb709ab4e7af6012bd573bd181f12bf6b9722b9473d1f880c0c6e39"
            ],
            "version": "==3.5b1"
        },
        "prompt-toolkit": {
            "hashes": [
                "sha256:a402e9bf468b63314e37460b68ba68243d55b2f8c4d0192f85a019af3945050e",
                "sha256:c93e53af97f630f12f5f62a3274e79527936ed466f038953dfa379d4941f651a"
            ],
            "index": "pypi",
            "version": "==3.0.3"
        },
        "pygments": {
            "hashes": [
                "sha256:647344a061c249a3b74e230c739f434d7ea4d8b1d5f3721bc0f3558049b38f44",
                "sha256:ff7a40b4860b727ab48fad6360eb351cc1b33cbf9b15a0f689ca5353e9463324"
            ],
            "index": "pypi",
            "version": "==2.6.1"
        },
        "pymdown-extensions": {
            "hashes": [
                "sha256:48b21fcf1fbeb0a1ea57c26b0dcc246f3f919e72443bccc5aae914f81cbf4909",
                "sha256:a11ebdc5c800ea350744eadaca853fab6c086edefba8df767dfb58e97de0653e"
            ],
            "version": "==7.0rc1"
        },
        "python-markdown-math": {
            "hashes": [
                "sha256:c68d8cb9695cb7b435484403dc18941d1bad0ff148e4166d9417046a0d5d3022",
                "sha256:d443e264cf063623a5f02b0c9730867e5172b31d49967da424ed3457c25b2848"
            ],
            "index": "pypi",
            "version": "==0.6"
        },
        "pyyaml": {
            "hashes": [
                "sha256:06a0d7ba600ce0b2d2fe2e78453a470b5a6e000a985dd4a4e54e436cc36b0e97",
                "sha256:240097ff019d7c70a4922b6869d8a86407758333f02203e0fc6ff79c5dcede76",
                "sha256:4f4b913ca1a7319b33cfb1369e91e50354d6f07a135f3b901aca02aa95940bd2",
                "sha256:69f00dca373f240f842b2931fb2c7e14ddbacd1397d57157a9b005a6a9942648",
                "sha256:73f099454b799e05e5ab51423c7bcf361c58d3206fa7b0d555426b1f4d9a3eaf",
                "sha256:74809a57b329d6cc0fdccee6318f44b9b8649961fa73144a98735b0aaf029f1f",
                "sha256:7739fc0fa8205b3ee8808aea45e968bc90082c10aef6ea95e855e10abf4a37b2",
                "sha256:95f71d2af0ff4227885f7a6605c37fd53d3a106fcab511b8860ecca9fcf400ee",
                "sha256:b8eac752c5e14d3eca0e6dd9199cd627518cb5ec06add0de9d32baeee6fe645d",
                "sha256:cc8955cfbfc7a115fa81d85284ee61147059a753344bc51098f3ccd69b0d7e0c",
                "sha256:d13155f591e6fcc1ec3b30685d50bf0711574e2c0dfffd7644babf8b5102ca1a"
            ],
            "index": "pypi",
            "version": "==5.3.1"
        },
        "regex": {
            "hashes": [
                "sha256:01b2d70cbaed11f72e57c1cfbaca71b02e3b98f739ce33f5f26f71859ad90431",
                "sha256:046e83a8b160aff37e7034139a336b660b01dbfe58706f9d73f5cdc6b3460242",
                "sha256:113309e819634f499d0006f6200700c8209a2a8bf6bd1bdc863a4d9d6776a5d1",
                "sha256:200539b5124bc4721247a823a47d116a7a23e62cc6695744e3eb5454a8888e6d",
                "sha256:25f4ce26b68425b80a233ce7b6218743c71cf7297dbe02feab1d711a2bf90045",
                "sha256:269f0c5ff23639316b29f31df199f401e4cb87529eafff0c76828071635d417b",
                "sha256:5de40649d4f88a15c9489ed37f88f053c15400257eeb18425ac7ed0a4e119400",
                "sha256:7f78f963e62a61e294adb6ff5db901b629ef78cb2a1cfce3cf4eeba80c1c67aa",
                "sha256:82469a0c1330a4beb3d42568f82dffa32226ced006e0b063719468dcd40ffdf0",
                "sha256:8c2b7fa4d72781577ac45ab658da44c7518e6d96e2a50d04ecb0fd8f28b21d69",
                "sha256:974535648f31c2b712a6b2595969f8ab370834080e00ab24e5dbb9d19b8bfb74",
                "sha256:99272d6b6a68c7ae4391908fc15f6b8c9a6c345a46b632d7fdb7ef6c883a2bbb",
                "sha256:9b64a4cc825ec4df262050c17e18f60252cdd94742b4ba1286bcfe481f1c0f26",
                "sha256:9e9624440d754733eddbcd4614378c18713d2d9d0dc647cf9c72f64e39671be5",
                "sha256:9ff16d994309b26a1cdf666a6309c1ef51ad4f72f99d3392bcd7b7139577a1f2",
                "sha256:b33ebcd0222c1d77e61dbcd04a9fd139359bded86803063d3d2d197b796c63ce",
                "sha256:bba52d72e16a554d1894a0cc74041da50eea99a8483e591a9edf1025a66843ab",
                "sha256:bed7986547ce54d230fd8721aba6fd19459cdc6d315497b98686d0416efaff4e",
                "sha256:c7f58a0e0e13fb44623b65b01052dae8e820ed9b8b654bb6296bc9c41f571b70",
                "sha256:d58a4fa7910102500722defbde6e2816b0372a4fcc85c7e239323767c74f5cbc",
                "sha256:f1ac2dc65105a53c1c2d72b1d3e98c2464a133b4067a51a3d2477b28449709a0"
            ],
            "version": "==2020.2.20"
        },
        "six": {
            "hashes": [
                "sha256:236bdbdce46e6e6a3d61a337c0f8b763ca1e8717c03b369e87a7ec7ce1319c0a",
                "sha256:8f3cd2e254d8f793e7f3d6d9df77b92252b52637291d0f0da013c76ea2724b6c"
            ],
            "version": "==1.14.0"
        },
        "tornado": {
            "hashes": [
                "sha256:0fe2d45ba43b00a41cd73f8be321a44936dc1aba233dee979f17a042b83eb6dc",
                "sha256:22aed82c2ea340c3771e3babc5ef220272f6fd06b5108a53b4976d0d722bcd52",
                "sha256:2c027eb2a393d964b22b5c154d1a23a5f8727db6fda837118a776b29e2b8ebc6",
                "sha256:5217e601700f24e966ddab689f90b7ea4bd91ff3357c3600fa1045e26d68e55d",
                "sha256:5618f72e947533832cbc3dec54e1dffc1747a5cb17d1fd91577ed14fa0dc081b",
                "sha256:5f6a07e62e799be5d2330e68d808c8ac41d4a259b9cea61da4101b83cb5dc673",
                "sha256:c58d56003daf1b616336781b26d184023ea4af13ae143d9dda65e31e534940b9",
                "sha256:c952975c8ba74f546ae6de2e226ab3cc3cc11ae47baf607459a6728585bb542a",
                "sha256:c98232a3ac391f5faea6821b53db8db461157baa788f5d6222a193e9456e1740"
            ],
            "version": "==6.0.4"
        },
        "tqdm": {
            "hashes": [
                "sha256:0d8b5afb66e23d80433102e9bd8b5c8b65d34c2a2255b2de58d97bd2ea8170fd",
                "sha256:f35fb121bafa030bd94e74fcfd44f3c2830039a2ddef7fc87ef1c2d205237b24"
            ],
            "version": "==4.43.0"
        },
        "wcwidth": {
            "hashes": [
                "sha256:cafe2186b3c009a04067022ce1dcd79cb38d8d65ee4f4791b8888d6599d1bbe1",
                "sha256:ee73862862a156bf77ff92b09034fc4825dd3af9cf81bc5b360668d425f3c5f1"
            ],
            "version": "==0.1.9"
        }
    },
    "develop": {
        "invoke": {
            "hashes": [
                "sha256:87b3ef9d72a1667e104f89b159eaf8a514dbf2f3576885b2bbdefe74c3fb2132",
                "sha256:93e12876d88130c8e0d7fd6618dd5387d6b36da55ad541481dfa5e001656f134",
                "sha256:de3f23bfe669e3db1085789fd859eb8ca8e0c5d9c20811e2407fa042e8a5e15d"
            ],
            "index": "pypi",
            "version": "==1.4.1"
        }
    }
}
